
Microsoft Visual Studio Solution File, Format Version 12.00
# Visual Studio Version 17
VisualStudioVersion = 17.14.36414.22 d17.14
MinimumVisualStudioVersion = 10.0.40219.1
Project("{FAE04EC0-301F-11D3-BF4B-00C04F79EFBC}") = "Doctorly.Calender", "Doctorly.Calender.csproj", "{A94E2D40-D413-41C7-A1B6-ED492ED3DBB1}"
EndProject
Project("{FAE04EC0-301F-11D3-BF4B-00C04F79EFBC}") = "Doctorly.Calendar.Tests", "..\Doctorly.Calendar.Tests\Doctorly.Calendar.Tests.csproj", "{87CE4BE1-82C0-41E8-92E5-0D9FF20F08EC}"
EndProject
Global
	GlobalSection(SolutionConfigurationPlatforms) = preSolution
		Debug|Any CPU = Debug|Any CPU
		Release|Any CPU = Release|Any CPU
	EndGlobalSection
	GlobalSection(ProjectConfigurationPlatforms) = postSolution
		{A94E2D40-D413-41C7-A1B6-ED492ED3DBB1}.Debug|Any CPU.ActiveCfg = Debug|Any CPU
		{A94E2D40-D413-41C7-A1B6-ED492ED3DBB1}.Debug|Any CPU.Build.0 = Debug|Any CPU
		{A94E2D40-D413-41C7-A1B6-ED492ED3DBB1}.Release|Any CPU.ActiveCfg = Release|Any CPU
		{A94E2D40-D413-41C7-A1B6-ED492ED3DBB1}.Release|Any CPU.Build.0 = Release|Any CPU
		{87CE4BE1-82C0-41E8-92E5-0D9FF20F08EC}.Debug|Any CPU.ActiveCfg = Debug|Any CPU
		{87CE4BE1-82C0-41E8-92E5-0D9FF20F08EC}.Debug|Any CPU.Build.0 = Debug|Any CPU
		{87CE4BE1-82C0-41E8-92E5-0D9FF20F08EC}.Release|Any CPU.ActiveCfg = Release|Any CPU
		{87CE4BE1-82C0-41E8-92E5-0D9FF20F08EC}.Release|Any CPU.Build.0 = Release|Any CPU
	EndGlobalSection
	GlobalSection(SolutionProperties) = preSolution
		HideSolutionNode = FALSE
	EndGlobalSection
	GlobalSection(ExtensibilityGlobals) = postSolution
		SolutionGuid = {8F8C8792-39F1-40EF-8954-D23B13DAEDD9}
	EndGlobalSection
EndGlobal
